// !$*UTF8*$!
{
	archiveVersion = 1;
	classes = {
	};
	objectVersion = 55;
	objects = {

/* Begin PBXBuildFile section */
		6BBD7D2E271FEE1700D072ED /* AppDelegate.swift in Sources */ = {isa = PBXBuildFile; fileRef = 6BBD7D2D271FEE1700D072ED /* AppDelegate.swift */; };
		6BBD7D30271FEE1700D072ED /* SceneDelegate.swift in Sources */ = {isa = PBXBuildFile; fileRef = 6BBD7D2F271FEE1700D072ED /* SceneDelegate.swift */; };
		6BBD7D32271FEE1700D072ED /* ViewController.swift in Sources */ = {isa = PBXBuildFile; fileRef = 6BBD7D31271FEE1700D072ED /* ViewController.swift */; };
		6BBD7D35271FEE1700D072ED /* Main.storyboard in Resources */ = {isa = PBXBuildFile; fileRef = 6BBD7D33271FEE1700D072ED /* Main.storyboard */; };
		6BBD7D37271FEE1E00D072ED /* Assets.xcassets in Resources */ = {isa = PBXBuildFile; fileRef = 6BBD7D36271FEE1E00D072ED /* Assets.xcassets */; };
		6BBD7D3A271FEE1E00D072ED /* LaunchScreen.storyboard in Resources */ = {isa = PBXBuildFile; fileRef = 6BBD7D38271FEE1E00D072ED /* LaunchScreen.storyboard */; };
		6BBD7D42271FEFC100D072ED /* HomeViewController.swift in Sources */ = {isa = PBXBuildFile; fileRef = 6BBD7D41271FEFC100D072ED /* HomeViewController.swift */; };
		6BBD7D44271FEFE800D072ED /* CastViewController.swift in Sources */ = {isa = PBXBuildFile; fileRef = 6BBD7D43271FEFE800D072ED /* CastViewController.swift */; };
		6BBD7D462720074500D072ED /* HomeTableViewCell.swift in Sources */ = {isa = PBXBuildFile; fileRef = 6BBD7D452720074500D072ED /* HomeTableViewCell.swift */; };
		6BBD7D48272023F100D072ED /* Media.swift in Sources */ = {isa = PBXBuildFile; fileRef = 6BBD7D47272023F100D072ED /* Media.swift */; };
		6BBD7D4A2720243300D072ED /* MediaInformation.swift in Sources */ = {isa = PBXBuildFile; fileRef = 6BBD7D492720243300D072ED /* MediaInformation.swift */; };
/* End PBXBuildFile section */

/* Begin PBXFileReference section */
		6BBD7D2A271FEE1700D072ED /* TrendMedia.app */ = {isa = PBXFileReference; explicitFileType = wrapper.application; includeInIndex = 0; path = TrendMedia.app; sourceTree = BUILT_PRODUCTS_DIR; };
		6BBD7D2D271FEE1700D072ED /* AppDelegate.swift */ = {isa = PBXFileReference; lastKnownFileType = sourcecode.swift; path = AppDelegate.swift; sourceTree = "<group>"; };
		6BBD7D2F271FEE1700D072ED /* SceneDelegate.swift */ = {isa = PBXFileReference; lastKnownFileType = sourcecode.swift; path = SceneDelegate.swift; sourceTree = "<group>"; };
		6BBD7D31271FEE1700D072ED /* ViewController.swift */ = {isa = PBXFileReference; lastKnownFileType = sourcecode.swift; path = ViewController.swift; sourceTree = "<group>"; };
		6BBD7D34271FEE1700D072ED /* Base */ = {isa = PBXFileReference; lastKnownFileType = file.storyboard; name = Base; path = Base.lproj/Main.storyboard; sourceTree = "<group>"; };
		6BBD7D36271FEE1E00D072ED /* Assets.xcassets */ = {isa = PBXFileReference; lastKnownFileType = folder.assetcatalog; path = Assets.xcassets; sourceTree = "<group>"; };
		6BBD7D39271FEE1E00D072ED /* Base */ = {isa = PBXFileReference; lastKnownFileType = file.storyboard; name = Base; path = Base.lproj/LaunchScreen.storyboard; sourceTree = "<group>"; };
		6BBD7D3B271FEE1E00D072ED /* Info.plist */ = {isa = PBXFileReference; lastKnownFileType = text.plist.xml; path = Info.plist; sourceTree = "<group>"; };
		6BBD7D41271FEFC100D072ED /* HomeViewController.swift */ = {isa = PBXFileReference; lastKnownFileType = sourcecode.swift; path = HomeViewController.swift; sourceTree = "<group>"; };
		6BBD7D43271FEFE800D072ED /* CastViewController.swift */ = {isa = PBXFileReference; lastKnownFileType = sourcecode.swift; path = CastViewController.swift; sourceTree = "<group>"; };
		6BBD7D452720074500D072ED /* HomeTableViewCell.swift */ = {isa = PBXFileReference; lastKnownFileType = sourcecode.swift; path = HomeTableViewCell.swift; sourceTree = "<group>"; };
		6BBD7D47272023F100D072ED /* Media.swift */ = {isa = PBXFileReference; lastKnownFileType = sourcecode.swift; path = Media.swift; sourceTree = "<group>"; };
		6BBD7D492720243300D072ED /* MediaInformation.swift */ = {isa = PBXFileReference; lastKnownFileType = sourcecode.swift; path = MediaInformation.swift; sourceTree = "<group>"; };
/* End PBXFileReference section */

/* Begin PBXFrameworksBuildPhase section */
		6BBD7D27271FEE1700D072ED /* Frameworks */ = {
			isa = PBXFrameworksBuildPhase;
			buildActionMask = 2147483647;
			files = (
			);
			runOnlyForDeploymentPostprocessing = 0;
		};
/* End PBXFrameworksBuildPhase section */

/* Begin PBXGroup section */
		6BBD7D21271FEE1700D072ED = {
			isa = PBXGroup;
			children = (
				6BBD7D2C271FEE1700D072ED /* TrendMedia */,
				6BBD7D2B271FEE1700D072ED /* Products */,
			);
			sourceTree = "<group>";
		};
		6BBD7D2B271FEE1700D072ED /* Products */ = {
			isa = PBXGroup;
			children = (
				6BBD7D2A271FEE1700D072ED /* TrendMedia.app */,
			);
			name = Products;
			sourceTree = "<group>";
		};
		6BBD7D2C271FEE1700D072ED /* TrendMedia */ = {
			isa = PBXGroup;
			children = (
				6BBD7D2D271FEE1700D072ED /* AppDelegate.swift */,
				6BBD7D2F271FEE1700D072ED /* SceneDelegate.swift */,
				6BBD7D31271FEE1700D072ED /* ViewController.swift */,
				6BBD7D33271FEE1700D072ED /* Main.storyboard */,
				6BBD7D47272023F100D072ED /* Media.swift */,
				6BBD7D492720243300D072ED /* MediaInformation.swift */,
				6BBD7D41271FEFC100D072ED /* HomeViewController.swift */,
				6BBD7D452720074500D072ED /* HomeTableViewCell.swift */,
				6BBD7D43271FEFE800D072ED /* CastViewController.swift */,
				6BBD7D36271FEE1E00D072ED /* Assets.xcassets */,
				6BBD7D38271FEE1E00D072ED /* LaunchScreen.storyboard */,
				6BBD7D3B271FEE1E00D072ED /* Info.plist */,
			);
			path = TrendMedia;
			sourceTree = "<group>";
		};
/* End PBXGroup section */

/* Begin PBXNativeTarget section */
		6BBD7D29271FEE1700D072ED /* TrendMedia */ = {
			isa = PBXNativeTarget;
			buildConfigurationList = 6BBD7D3E271FEE1F00D072ED /* Build configuration list for PBXNativeTarget "TrendMedia" */;
			buildPhases = (
				6BBD7D26271FEE1700D072ED /* Sources */,
				6BBD7D27271FEE1700D072ED /* Frameworks */,
				6BBD7D28271FEE1700D072ED /* Resources */,
			);
			buildRules = (
			);
			dependencies = (
			);
			name = TrendMedia;
			productName = TrendMedia;
			productReference = 6BBD7D2A271FEE1700D072ED /* TrendMedia.app */;
			productType = "com.apple.product-type.application";
		};
/* End PBXNativeTarget section */

/* Begin PBXProject section */
		6BBD7D22271FEE1700D072ED /* Project object */ = {
			isa = PBXProject;
			attributes = {
				BuildIndependentTargetsInParallel = 1;
				LastSwiftUpdateCheck = 1300;
				LastUpgradeCheck = 1300;
				TargetAttributes = {
					6BBD7D29271FEE1700D072ED = {
						CreatedOnToolsVersion = 13.0;
					};
				};
			};
			buildConfigurationList = 6BBD7D25271FEE1700D072ED /* Build configuration list for PBXProject "TrendMedia" */;
			compatibilityVersion = "Xcode 13.0";
			developmentRegion = en;
			hasScannedForEncodings = 0;
			knownRegions = (
				en,
				Base,
			);
			mainGroup = 6BBD7D21271FEE1700D072ED;
			productRefGroup = 6BBD7D2B271FEE1700D072ED /* Products */;
			projectDirPath = "";
			projectRoot = "";
			targets = (
				6BBD7D29271FEE1700D072ED /* TrendMedia */,
			);
		};
/* End PBXProject section */

/* Begin PBXResourcesBuildPhase section */
		6BBD7D28271FEE1700D072ED /* Resources */ = {
			isa = PBXResourcesBuildPhase;
			buildActionMask = 2147483647;
			files = (
				6BBD7D3A271FEE1E00D072ED /* LaunchScreen.storyboard in Resources */,
				6BBD7D37271FEE1E00D072ED /* Assets.xcassets in Resources */,
				6BBD7D35271FEE1700D072ED /* Main.storyboard in Resources */,
			);
			runOnlyForDeploymentPostprocessing = 0;
		};
/* End PBXResourcesBuildPhase section */

/* Begin PBXSourcesBuildPhase section */
		6BBD7D26271FEE1700D072ED /* Sources */ = {
			isa = PBXSourcesBuildPhase;
			buildActionMask = 2147483647;
			files = (
				6BBD7D462720074500D072ED /* HomeTableViewCell.swift in Sources */,
				6BBD7D32271FEE1700D072ED /* ViewController.swift in Sources */,
				6BBD7D48272023F100D072ED /* Media.swift in Sources */,
				6BBD7D2E271FEE1700D072ED /* AppDelegate.swift in Sources */,
				6BBD7D30271FEE1700D072ED /* SceneDelegate.swift in Sources */,
				6BBD7D44271FEFE800D072ED /* CastViewController.swift in Sources */,
				6BBD7D42271FEFC100D072ED /* HomeViewController.swift in Sources */,
				6BBD7D4A2720243300D072ED /* MediaInformation.swift in Sources */,
			);
			runOnlyForDeploymentPostprocessing = 0;
		};
/* End PBXSourcesBuildPhase section */

/* Begin PBXVariantGroup section */
		6BBD7D33271FEE1700D072ED /* Main.storyboard */ = {
			isa = PBXVariantGroup;
			children = (
				6BBD7D34271FEE1700D072ED /* Base */,
			);
			name = Main.storyboard;
			sourceTree = "<group>";
		};
		6BBD7D38271FEE1E00D072ED /* LaunchScreen.storyboard */ = {
			isa = PBXVariantGroup;
			children = (
				6BBD7D39271FEE1E00D072ED /* Base */,
			);
			name = LaunchScreen.storyboard;
			sourceTree = "<group>";
		};
/* End PBXVariantGroup section */

/* Begin XCBuildConfiguration section */
		6BBD7D3C271FEE1E00D072ED /* Debug */ = {
			isa = XCBuildConfiguration;
			buildSettings = {
				ALWAYS_SEARCH_USER_PATHS = NO;
				CLANG_ANALYZER_NONNULL = YES;
				CLANG_ANALYZER_NUMBER_OBJECT_CONVERSION = YES_AGGRESSIVE;
				CLANG_CXX_LANGUAGE_STANDARD = "gnu++17";
				CLANG_CXX_LIBRARY = "libc++";
				CLANG_ENABLE_MODULES = YES;
				CLANG_ENABLE_OBJC_ARC = YES;
				CLANG_ENABLE_OBJC_WEAK = YES;
				CLANG_WARN_BLOCK_CAPTURE_AUTORELEASING = YES;
				CLANG_WARN_BOOL_CONVERSION = YES;
				CLANG_WARN_COMMA = YES;
				CLANG_WARN_CONSTANT_CONVERSION = YES;
				CLANG_WARN_DEPRECATED_OBJC_IMPLEMENTATIONS = YES;
				CLANG_WARN_DIRECT_OBJC_ISA_USAGE = YES_ERROR;
				CLANG_WARN_DOCUMENTATION_COMMENTS = YES;
				CLANG_WARN_EMPTY_BODY = YES;
				CLANG_WARN_ENUM_CONVERSION = YES;
				CLANG_WARN_INFINITE_RECURSION = YES;
				CLANG_WARN_INT_CONVERSION = YES;
				CLANG_WARN_NON_LITERAL_NULL_CONVERSION = YES;
				CLANG_WARN_OBJC_IMPLICIT_RETAIN_SELF = YES;
				CLANG_WARN_OBJC_LITERAL_CONVERSION = YES;
				CLANG_WARN_OBJC_ROOT_CLASS = YES_ERROR;
				CLANG_WARN_QUOTED_INCLUDE_IN_FRAMEWORK_HEADER = YES;
				CLANG_WARN_RANGE_LOOP_ANALYSIS = YES;
				CLANG_WARN_STRICT_PROTOTYPES = YES;
				CLANG_WARN_SUSPICIOUS_MOVE = YES;
				CLANG_WARN_UNGUARDED_AVAILABILITY = YES_AGGRESSIVE;
				CLANG_WARN_UNREACHABLE_CODE = YES;
				CLANG_WARN__DUPLICATE_METHOD_MATCH = YES;
				COPY_PHASE_STRIP = NO;
				DEBUG_INFORMATION_FORMAT = dwarf;
				ENABLE_STRICT_OBJC_MSGSEND = YES;
				ENABLE_TESTABILITY = YES;
				GCC_C_LANGUAGE_STANDARD = gnu11;
				GCC_DYNAMIC_NO_PIC = NO;
				GCC_NO_COMMON_BLOCKS = YES;
				GCC_OPTIMIZATION_LEVEL = 0;
				GCC_PREPROCESSOR_DEFINITIONS = (
					"DEBUG=1",
					"$(inherited)",
				);
				GCC_WARN_64_TO_32_BIT_CONVERSION = YES;
				GCC_WARN_ABOUT_RETURN_TYPE = YES_ERROR;
				GCC_WARN_UNDECLARED_SELECTOR = YES;
				GCC_WARN_UNINITIALIZED_AUTOS = YES_AGGRESSIVE;
				GCC_WARN_UNUSED_FUNCTION = YES;
				GCC_WARN_UNUSED_VARIABLE = YES;
				IPHONEOS_DEPLOYMENT_TARGET = 15.0;
				MTL_ENABLE_DEBUG_INFO = INCLUDE_SOURCE;
				MTL_FAST_MATH = YES;
				ONLY_ACTIVE_ARCH = YES;
				SDKROOT = iphoneos;
				SWIFT_ACTIVE_COMPILATION_CONDITIONS = DEBUG;
				SWIFT_OPTIMIZATION_LEVEL = "-Onone";
			};
			name = Debug;
		};
		6BBD7D3D271FEE1E00D072ED /* Release */ = {
			isa = XCBuildConfiguration;
			buildSettings = {
				ALWAYS_SEARCH_USER_PATHS = NO;
				CLANG_ANALYZER_NONNULL = YES;
				CLANG_ANALYZER_NUMBER_OBJECT_CONVERSION = YES_AGGRESSIVE;
				CLANG_CXX_LANGUAGE_STANDARD = "gnu++17";
				CLANG_CXX_LIBRARY = "libc++";
				CLANG_ENABLE_MODULES = YES;
				CLANG_ENABLE_OBJC_ARC = YES;
				CLANG_ENABLE_OBJC_WEAK = YES;
				CLANG_WARN_BLOCK_CAPTURE_AUTORELEASING = YES;
				CLANG_WARN_BOOL_CONVERSION = YES;
				CLANG_WARN_COMMA = YES;
				CLANG_WARN_CONSTANT_CONVERSION = YES;
				CLANG_WARN_DEPRECATED_OBJC_IMPLEMENTATIONS = YES;
				CLANG_WARN_DIRECT_OBJC_ISA_USAGE = YES_ERROR;
				CLANG_WARN_DOCUMENTATION_COMMENTS = YES;
				CLANG_WARN_EMPTY_BODY = YES;
				CLANG_WARN_ENUM_CONVERSION = YES;
				CLANG_WARN_INFINITE_RECURSION = YES;
				CLANG_WARN_INT_CONVERSION = YES;
				CLANG_WARN_NON_LITERAL_NULL_CONVERSION = YES;
				CLANG_WARN_OBJC_IMPLICIT_RETAIN_SELF = YES;
				CLANG_WARN_OBJC_LITERAL_CONVERSION = YES;
				CLANG_WARN_OBJC_ROOT_CLASS = YES_ERROR;
				CLANG_WARN_QUOTED_INCLUDE_IN_FRAMEWORK_HEADER = YES;
				CLANG_WARN_RANGE_LOOP_ANALYSIS = YES;
				CLANG_WARN_STRICT_PROTOTYPES = YES;
				CLANG_WARN_SUSPICIOUS_MOVE = YES;
				CLANG_WARN_UNGUARDED_AVAILABILITY = YES_AGGRESSIVE;
				CLANG_WARN_UNREACHABLE_CODE = YES;
				CLANG_WARN__DUPLICATE_METHOD_MATCH = YES;
				COPY_PHASE_STRIP = NO;
				DEBUG_INFORMATION_FORMAT = "dwarf-with-dsym";
				ENABLE_NS_ASSERTIONS = NO;
				ENABLE_STRICT_OBJC_MSGSEND = YES;
				GCC_C_LANGUAGE_STANDARD = gnu11;
				GCC_NO_COMMON_BLOCKS = YES;
				GCC_WARN_64_TO_32_BIT_CONVERSION = YES;
				GCC_WARN_ABOUT_RETURN_TYPE = YES_ERROR;
				GCC_WARN_UNDECLARED_SELECTOR = YES;
				GCC_WARN_UNINITIALIZED_AUTOS = YES_AGGRESSIVE;
				GCC_WARN_UNUSED_FUNCTION = YES;
				GCC_WARN_UNUSED_VARIABLE = YES;
				IPHONEOS_DEPLOYMENT_TARGET = 15.0;
				MTL_ENABLE_DEBUG_INFO = NO;
				MTL_FAST_MATH = YES;
				SDKROOT = iphoneos;
				SWIFT_COMPILATION_MODE = wholemodule;
				SWIFT_OPTIMIZATION_LEVEL = "-O";
				VALIDATE_PRODUCT = YES;
			};
			name = Release;
		};
		6BBD7D3F271FEE1F00D072ED /* Debug */ = {
			isa = XCBuildConfiguration;
			buildSettings = {
				ASSETCATALOG_COMPILER_APPICON_NAME = AppIcon;
				ASSETCATALOG_COMPILER_GLOBAL_ACCENT_COLOR_NAME = AccentColor;
				CODE_SIGN_STYLE = Automatic;
				CURRENT_PROJECT_VERSION = 1;
				GENERATE_INFOPLIST_FILE = YES;
				INFOPLIST_FILE = TrendMedia/Info.plist;
				INFOPLIST_KEY_UIApplicationSupportsIndirectInputEvents = YES;
				INFOPLIST_KEY_UILaunchStoryboardName = LaunchScreen;
				INFOPLIST_KEY_UIMainStoryboardFile = Main;
				INFOPLIST_KEY_UISupportedInterfaceOrientations_iPad = "UIInterfaceOrientationPortrait UIInterfaceOrientationPortraitUpsideDown UIInterfaceOrientationLandscapeLeft UIInterfaceOrientationLandscapeRight";
				INFOPLIST_KEY_UISupportedInterfaceOrientations_iPhone = "UIInterfaceOrientationPortrait UIInterfaceOrientationLandscapeLeft UIInterfaceOrientationLandscapeRight";
				LD_RUNPATH_SEARCH_PATHS = (
					"$(inherited)",
					"@executable_path/Frameworks",
				);
				MARKETING_VERSION = 1.0;
				PRODUCT_BUNDLE_IDENTIFIER = com.codePat.TrendMedia;
				PRODUCT_NAME = "$(TARGET_NAME)";
				SWIFT_EMIT_LOC_STRINGS = YES;
				SWIFT_VERSION = 5.0;
				TARGETED_DEVICE_FAMILY = "1,2";
			};
			name = Debug;
		};
		6BBD7D40271FEE1F00D072ED /* Release */ = {
			isa = XCBuildConfiguration;
			buildSettings = {
				ASSETCATALOG_COMPILER_APPICON_NAME = AppIcon;
				ASSETCATALOG_COMPILER_GLOBAL_ACCENT_COLOR_NAME = AccentColor;
				CODE_SIGN_STYLE = Automatic;
				CURRENT_PROJECT_VERSION = 1;
				GENERATE_INFOPLIST_FILE = YES;
				INFOPLIST_FILE = TrendMedia/Info.plist;
				INFOPLIST_KEY_UIApplicationSupportsIndirectInputEvents = YES;
				INFOPLIST_KEY_UILaunchStoryboardName = LaunchScreen;
				INFOPLIST_KEY_UIMainStoryboardFile = Main;
				INFOPLIST_KEY_UISupportedInterfaceOrientations_iPad = "UIInterfaceOrientationPortrait UIInterfaceOrientationPortraitUpsideDown UIInterfaceOrientationLandscapeLeft UIInterfaceOrientationLandscapeRight";
				INFOPLIST_KEY_UISupportedInterfaceOrientations_iPhone = "UIInterfaceOrientationPortrait UIInterfaceOrientationLandscapeLeft UIInterfaceOrientationLandscapeRight";
				LD_RUNPATH_SEARCH_PATHS = (
					"$(inherited)",
					"@executable_path/Frameworks",
				);
				MARKETING_VERSION = 1.0;
				PRODUCT_BUNDLE_IDENTIFIER = com.codePat.TrendMedia;
				PRODUCT_NAME = "$(TARGET_NAME)";
				SWIFT_EMIT_LOC_STRINGS = YES;
				SWIFT_VERSION = 5.0;
				TARGETED_DEVICE_FAMILY = "1,2";
			};
			name = Release;
		};
/* End XCBuildConfiguration section */

/* Begin XCConfigurationList section */
		6BBD7D25271FEE1700D072ED /* Build configuration list for PBXProject "TrendMedia" */ = {
			isa = XCConfigurationList;
			buildConfigurations = (
				6BBD7D3C271FEE1E00D072ED /* Debug */,
				6BBD7D3D271FEE1E00D072ED /* Release */,
			);
			defaultConfigurationIsVisible = 0;
			defaultConfigurationName = Release;
		};
		6BBD7D3E271FEE1F00D072ED /* Build configuration list for PBXNativeTarget "TrendMedia" */ = {
			isa = XCConfigurationList;
			buildConfigurations = (
				6BBD7D3F271FEE1F00D072ED /* Debug */,
				6BBD7D40271FEE1F00D072ED /* Release */,
			);
			defaultConfigurationIsVisible = 0;
			defaultConfigurationName = Release;
		};
/* End XCConfigurationList section */
	};
	rootObject = 6BBD7D22271FEE1700D072ED /* Project object */;
}
